
Microsoft Visual Studio Solution File, Format Version 11.00
# Visual Studio 2010
# SharpDevelop 4.4
Project("{FAE04EC0-301F-11D3-BF4B-00C04F79EFBC}") = "Practica1", "Practica1\Practica1.csproj", "{B570C606-DE96-4754-9FD7-A79FE48AE59D}"
EndProject
Project("{FAE04EC0-301F-11D3-BF4B-00C04F79EFBC}") = "Practica2", "Practica2\Practica2.csproj", "{F1B833D0-4A5A-4EE4-A329-DC4C82173A6B}"
EndProject
Project("{FAE04EC0-301F-11D3-BF4B-00C04F79EFBC}") = "_Iterator", "_Iterator\_Iterator.csproj", "{9B0D4BE5-A003-4C25-9B2C-BADC3061E424}"
EndProject
Project("{FAE04EC0-301F-11D3-BF4B-00C04F79EFBC}") = "Practica6", "Practica6\Practica6.csproj", "{205EDBB2-F32D-49E8-BA9F-D5A907E158DD}"
EndProject
Project("{FAE04EC0-301F-11D3-BF4B-00C04F79EFBC}") = "_Template Method", "_Template Method\_Template Method.csproj", "{FCF1B64A-4029-412E-AE86-422818EAA08C}"
EndProject
Project("{FAE04EC0-301F-11D3-BF4B-00C04F79EFBC}") = "_Factory Method", "_Factory Method\_Factory Method.csproj", "{8A9AA78B-C50A-4241-8471-F9CE3CCEFE22}"
EndProject
Project("{FAE04EC0-301F-11D3-BF4B-00C04F79EFBC}") = "_Observer", "_Observer\_Observer.csproj", "{F43E91BA-74B7-4987-9114-165AE202894A}"
EndProject
Project("{FAE04EC0-301F-11D3-BF4B-00C04F79EFBC}") = "Practica3", "Practica3\Practica3.csproj", "{3AD1EF09-8C2E-4175-9024-EAD14F968E69}"
EndProject
Project("{FAE04EC0-301F-11D3-BF4B-00C04F79EFBC}") = "Practica4", "Practica4\Practica4.csproj", "{C6530A6C-9167-4DFA-8FBD-57D20913354F}"
EndProject
Project("{FAE04EC0-301F-11D3-BF4B-00C04F79EFBC}") = "_Decorator", "_Decorator\_Decorator.csproj", "{9902372D-ED4D-4D0D-960E-63373608DC43}"
EndProject
Project("{FAE04EC0-301F-11D3-BF4B-00C04F79EFBC}") = "Practica5", "Practica5\Practica5.csproj", "{60A1D311-80D9-4B57-8096-EA131ADC5EA9}"
EndProject
Global
	GlobalSection(SolutionConfigurationPlatforms) = preSolution
		Debug|Any CPU = Debug|Any CPU
		Release|Any CPU = Release|Any CPU
	EndGlobalSection
	GlobalSection(ProjectConfigurationPlatforms) = postSolution
		{B570C606-DE96-4754-9FD7-A79FE48AE59D}.Debug|Any CPU.Build.0 = Debug|Any CPU
		{B570C606-DE96-4754-9FD7-A79FE48AE59D}.Debug|Any CPU.ActiveCfg = Debug|Any CPU
		{B570C606-DE96-4754-9FD7-A79FE48AE59D}.Release|Any CPU.Build.0 = Release|Any CPU
		{B570C606-DE96-4754-9FD7-A79FE48AE59D}.Release|Any CPU.ActiveCfg = Release|Any CPU
		{F1B833D0-4A5A-4EE4-A329-DC4C82173A6B}.Debug|Any CPU.Build.0 = Debug|Any CPU
		{F1B833D0-4A5A-4EE4-A329-DC4C82173A6B}.Debug|Any CPU.ActiveCfg = Debug|Any CPU
		{F1B833D0-4A5A-4EE4-A329-DC4C82173A6B}.Release|Any CPU.Build.0 = Release|Any CPU
		{F1B833D0-4A5A-4EE4-A329-DC4C82173A6B}.Release|Any CPU.ActiveCfg = Release|Any CPU
		{9B0D4BE5-A003-4C25-9B2C-BADC3061E424}.Debug|Any CPU.Build.0 = Debug|Any CPU
		{9B0D4BE5-A003-4C25-9B2C-BADC3061E424}.Debug|Any CPU.ActiveCfg = Debug|Any CPU
		{9B0D4BE5-A003-4C25-9B2C-BADC3061E424}.Release|Any CPU.Build.0 = Release|Any CPU
		{9B0D4BE5-A003-4C25-9B2C-BADC3061E424}.Release|Any CPU.ActiveCfg = Release|Any CPU
		{205EDBB2-F32D-49E8-BA9F-D5A907E158DD}.Debug|Any CPU.Build.0 = Debug|Any CPU
		{205EDBB2-F32D-49E8-BA9F-D5A907E158DD}.Debug|Any CPU.ActiveCfg = Debug|Any CPU
		{205EDBB2-F32D-49E8-BA9F-D5A907E158DD}.Release|Any CPU.Build.0 = Release|Any CPU
		{205EDBB2-F32D-49E8-BA9F-D5A907E158DD}.Release|Any CPU.ActiveCfg = Release|Any CPU
		{FCF1B64A-4029-412E-AE86-422818EAA08C}.Debug|Any CPU.Build.0 = Debug|Any CPU
		{FCF1B64A-4029-412E-AE86-422818EAA08C}.Debug|Any CPU.ActiveCfg = Debug|Any CPU
		{FCF1B64A-4029-412E-AE86-422818EAA08C}.Release|Any CPU.Build.0 = Release|Any CPU
		{FCF1B64A-4029-412E-AE86-422818EAA08C}.Release|Any CPU.ActiveCfg = Release|Any CPU
		{8A9AA78B-C50A-4241-8471-F9CE3CCEFE22}.Debug|Any CPU.Build.0 = Debug|Any CPU
		{8A9AA78B-C50A-4241-8471-F9CE3CCEFE22}.Debug|Any CPU.ActiveCfg = Debug|Any CPU
		{8A9AA78B-C50A-4241-8471-F9CE3CCEFE22}.Release|Any CPU.Build.0 = Release|Any CPU
		{8A9AA78B-C50A-4241-8471-F9CE3CCEFE22}.Release|Any CPU.ActiveCfg = Release|Any CPU
		{F43E91BA-74B7-4987-9114-165AE202894A}.Debug|Any CPU.Build.0 = Debug|Any CPU
		{F43E91BA-74B7-4987-9114-165AE202894A}.Debug|Any CPU.ActiveCfg = Debug|Any CPU
		{F43E91BA-74B7-4987-9114-165AE202894A}.Release|Any CPU.Build.0 = Release|Any CPU
		{F43E91BA-74B7-4987-9114-165AE202894A}.Release|Any CPU.ActiveCfg = Release|Any CPU
		{3AD1EF09-8C2E-4175-9024-EAD14F968E69}.Debug|Any CPU.Build.0 = Debug|Any CPU
		{3AD1EF09-8C2E-4175-9024-EAD14F968E69}.Debug|Any CPU.ActiveCfg = Debug|Any CPU
		{3AD1EF09-8C2E-4175-9024-EAD14F968E69}.Release|Any CPU.Build.0 = Release|Any CPU
		{3AD1EF09-8C2E-4175-9024-EAD14F968E69}.Release|Any CPU.ActiveCfg = Release|Any CPU
		{C6530A6C-9167-4DFA-8FBD-57D20913354F}.Debug|Any CPU.Build.0 = Debug|Any CPU
		{C6530A6C-9167-4DFA-8FBD-57D20913354F}.Debug|Any CPU.ActiveCfg = Debug|Any CPU
		{C6530A6C-9167-4DFA-8FBD-57D20913354F}.Release|Any CPU.Build.0 = Release|Any CPU
		{C6530A6C-9167-4DFA-8FBD-57D20913354F}.Release|Any CPU.ActiveCfg = Release|Any CPU
		{9902372D-ED4D-4D0D-960E-63373608DC43}.Debug|Any CPU.Build.0 = Debug|Any CPU
		{9902372D-ED4D-4D0D-960E-63373608DC43}.Debug|Any CPU.ActiveCfg = Debug|Any CPU
		{9902372D-ED4D-4D0D-960E-63373608DC43}.Release|Any CPU.Build.0 = Release|Any CPU
		{9902372D-ED4D-4D0D-960E-63373608DC43}.Release|Any CPU.ActiveCfg = Release|Any CPU
		{60A1D311-80D9-4B57-8096-EA131ADC5EA9}.Debug|Any CPU.Build.0 = Debug|Any CPU
		{60A1D311-80D9-4B57-8096-EA131ADC5EA9}.Debug|Any CPU.ActiveCfg = Debug|Any CPU
		{60A1D311-80D9-4B57-8096-EA131ADC5EA9}.Release|Any CPU.Build.0 = Release|Any CPU
		{60A1D311-80D9-4B57-8096-EA131ADC5EA9}.Release|Any CPU.ActiveCfg = Release|Any CPU
	EndGlobalSection
EndGlobal
