
Microsoft Visual Studio Solution File, Format Version 11.00
# Visual Studio 2010
# SharpDevelop 4.4
Project("{FAE04EC0-301F-11D3-BF4B-00C04F79EFBC}") = "Practica1", "Practica1\Practica1.csproj", "{B570C606-DE96-4754-9FD7-A79FE48AE59D}"
EndProject
Global
	GlobalSection(SolutionConfigurationPlatforms) = preSolution
		Debug|Any CPU = Debug|Any CPU
		Release|Any CPU = Release|Any CPU
	EndGlobalSection
	GlobalSection(ProjectConfigurationPlatforms) = postSolution
		{B570C606-DE96-4754-9FD7-A79FE48AE59D}.Debug|Any CPU.Build.0 = Debug|Any CPU
		{B570C606-DE96-4754-9FD7-A79FE48AE59D}.Debug|Any CPU.ActiveCfg = Debug|Any CPU
		{B570C606-DE96-4754-9FD7-A79FE48AE59D}.Release|Any CPU.Build.0 = Release|Any CPU
		{B570C606-DE96-4754-9FD7-A79FE48AE59D}.Release|Any CPU.ActiveCfg = Release|Any CPU
	EndGlobalSection
EndGlobal
